
Microsoft Visual Studio Solution File, Format Version 12.00
# Visual Studio 15
VisualStudioVersion = 15.0.28307.572
MinimumVisualStudioVersion = 10.0.40219.1
Project("{FAE04EC0-301F-11D3-BF4B-00C04F79EFBC}") = "Sales.Android", "Sales\Sales.Android\Sales.Android.csproj", "{93DEC8E2-1D20-437C-96AF-D9E024B8F06C}"
EndProject
Project("{FAE04EC0-301F-11D3-BF4B-00C04F79EFBC}") = "Sales.iOS", "Sales\Sales.iOS\Sales.iOS.csproj", "{4817EF16-1DD9-40A5-9629-3C7E9CA34937}"
EndProject
Project("{FAE04EC0-301F-11D3-BF4B-00C04F79EFBC}") = "Sales.UWP", "Sales\Sales.UWP\Sales.UWP.csproj", "{8F1A17D4-A785-48FE-AE06-8559F9199A4B}"
EndProject
Project("{9A19103F-16F7-4668-BE54-9A1E7A4F7556}") = "Sales", "Sales\Sales\Sales.csproj", "{64CAED62-E31A-400F-8CB2-05A6C9B3EC07}"
EndProject
Project("{FAE04EC0-301F-11D3-BF4B-00C04F79EFBC}") = "Sales.Backend", "Sales.Backend\Sales.Backend.csproj", "{DE03456F-5573-48D3-8F82-B6DFA233A7DA}"
EndProject
Project("{FAE04EC0-301F-11D3-BF4B-00C04F79EFBC}") = "Sales.API", "Sales.API\Sales.API.csproj", "{408A263A-1B28-4BDC-8CDA-F8C18058ECEC}"
EndProject
Project("{FAE04EC0-301F-11D3-BF4B-00C04F79EFBC}") = "Sales.Domain", "Sales.Domain\Sales.Domain.csproj", "{098E9681-560A-4939-BBD5-C4EFF1F87C82}"
EndProject
Project("{FAE04EC0-301F-11D3-BF4B-00C04F79EFBC}") = "Sales.Common", "Sales.Common\Sales.Common.csproj", "{35AE03F0-2440-4508-BBA8-F2FD7A838C8E}"
EndProject
Global
	GlobalSection(SolutionConfigurationPlatforms) = preSolution
		Ad-Hoc|Any CPU = Ad-Hoc|Any CPU
		Ad-Hoc|ARM = Ad-Hoc|ARM
		Ad-Hoc|iPhone = Ad-Hoc|iPhone
		Ad-Hoc|iPhoneSimulator = Ad-Hoc|iPhoneSimulator
		Ad-Hoc|x64 = Ad-Hoc|x64
		Ad-Hoc|x86 = Ad-Hoc|x86
		AppStore|Any CPU = AppStore|Any CPU
		AppStore|ARM = AppStore|ARM
		AppStore|iPhone = AppStore|iPhone
		AppStore|iPhoneSimulator = AppStore|iPhoneSimulator
		AppStore|x64 = AppStore|x64
		AppStore|x86 = AppStore|x86
		Debug|Any CPU = Debug|Any CPU
		Debug|ARM = Debug|ARM
		Debug|iPhone = Debug|iPhone
		Debug|iPhoneSimulator = Debug|iPhoneSimulator
		Debug|x64 = Debug|x64
		Debug|x86 = Debug|x86
		Release|Any CPU = Release|Any CPU
		Release|ARM = Release|ARM
		Release|iPhone = Release|iPhone
		Release|iPhoneSimulator = Release|iPhoneSimulator
		Release|x64 = Release|x64
		Release|x86 = Release|x86
	EndGlobalSection
	GlobalSection(ProjectConfigurationPlatforms) = postSolution
		{93DEC8E2-1D20-437C-96AF-D9E024B8F06C}.Ad-Hoc|Any CPU.ActiveCfg = Release|Any CPU
		{93DEC8E2-1D20-437C-96AF-D9E024B8F06C}.Ad-Hoc|Any CPU.Build.0 = Release|Any CPU
		{93DEC8E2-1D20-437C-96AF-D9E024B8F06C}.Ad-Hoc|Any CPU.Deploy.0 = Release|Any CPU
		{93DEC8E2-1D20-437C-96AF-D9E024B8F06C}.Ad-Hoc|ARM.ActiveCfg = Release|Any CPU
		{93DEC8E2-1D20-437C-96AF-D9E024B8F06C}.Ad-Hoc|ARM.Build.0 = Release|Any CPU
		{93DEC8E2-1D20-437C-96AF-D9E024B8F06C}.Ad-Hoc|ARM.Deploy.0 = Release|Any CPU
		{93DEC8E2-1D20-437C-96AF-D9E024B8F06C}.Ad-Hoc|iPhone.ActiveCfg = Release|Any CPU
		{93DEC8E2-1D20-437C-96AF-D9E024B8F06C}.Ad-Hoc|iPhone.Build.0 = Release|Any CPU
		{93DEC8E2-1D20-437C-96AF-D9E024B8F06C}.Ad-Hoc|iPhone.Deploy.0 = Release|Any CPU
		{93DEC8E2-1D20-437C-96AF-D9E024B8F06C}.Ad-Hoc|iPhoneSimulator.ActiveCfg = Release|Any CPU
		{93DEC8E2-1D20-437C-96AF-D9E024B8F06C}.Ad-Hoc|iPhoneSimulator.Build.0 = Release|Any CPU
		{93DEC8E2-1D20-437C-96AF-D9E024B8F06C}.Ad-Hoc|iPhoneSimulator.Deploy.0 = Release|Any CPU
		{93DEC8E2-1D20-437C-96AF-D9E024B8F06C}.Ad-Hoc|x64.ActiveCfg = Release|Any CPU
		{93DEC8E2-1D20-437C-96AF-D9E024B8F06C}.Ad-Hoc|x64.Build.0 = Release|Any CPU
		{93DEC8E2-1D20-437C-96AF-D9E024B8F06C}.Ad-Hoc|x64.Deploy.0 = Release|Any CPU
		{93DEC8E2-1D20-437C-96AF-D9E024B8F06C}.Ad-Hoc|x86.ActiveCfg = Release|Any CPU
		{93DEC8E2-1D20-437C-96AF-D9E024B8F06C}.Ad-Hoc|x86.Build.0 = Release|Any CPU
		{93DEC8E2-1D20-437C-96AF-D9E024B8F06C}.Ad-Hoc|x86.Deploy.0 = Release|Any CPU
		{93DEC8E2-1D20-437C-96AF-D9E024B8F06C}.AppStore|Any CPU.ActiveCfg = Release|Any CPU
		{93DEC8E2-1D20-437C-96AF-D9E024B8F06C}.AppStore|Any CPU.Build.0 = Release|Any CPU
		{93DEC8E2-1D20-437C-96AF-D9E024B8F06C}.AppStore|Any CPU.Deploy.0 = Release|Any CPU
		{93DEC8E2-1D20-437C-96AF-D9E024B8F06C}.AppStore|ARM.ActiveCfg = Release|Any CPU
		{93DEC8E2-1D20-437C-96AF-D9E024B8F06C}.AppStore|ARM.Build.0 = Release|Any CPU
		{93DEC8E2-1D20-437C-96AF-D9E024B8F06C}.AppStore|ARM.Deploy.0 = Release|Any CPU
		{93DEC8E2-1D20-437C-96AF-D9E024B8F06C}.AppStore|iPhone.ActiveCfg = Release|Any CPU
		{93DEC8E2-1D20-437C-96AF-D9E024B8F06C}.AppStore|iPhone.Build.0 = Release|Any CPU
		{93DEC8E2-1D20-437C-96AF-D9E024B8F06C}.AppStore|iPhone.Deploy.0 = Release|Any CPU
		{93DEC8E2-1D20-437C-96AF-D9E024B8F06C}.AppStore|iPhoneSimulator.ActiveCfg = Release|Any CPU
		{93DEC8E2-1D20-437C-96AF-D9E024B8F06C}.AppStore|iPhoneSimulator.Build.0 = Release|Any CPU
		{93DEC8E2-1D20-437C-96AF-D9E024B8F06C}.AppStore|iPhoneSimulator.Deploy.0 = Release|Any CPU
		{93DEC8E2-1D20-437C-96AF-D9E024B8F06C}.AppStore|x64.ActiveCfg = Release|Any CPU
		{93DEC8E2-1D20-437C-96AF-D9E024B8F06C}.AppStore|x64.Build.0 = Release|Any CPU
		{93DEC8E2-1D20-437C-96AF-D9E024B8F06C}.AppStore|x64.Deploy.0 = Release|Any CPU
		{93DEC8E2-1D20-437C-96AF-D9E024B8F06C}.AppStore|x86.ActiveCfg = Release|Any CPU
		{93DEC8E2-1D20-437C-96AF-D9E024B8F06C}.AppStore|x86.Build.0 = Release|Any CPU
		{93DEC8E2-1D20-437C-96AF-D9E024B8F06C}.AppStore|x86.Deploy.0 = Release|Any CPU
		{93DEC8E2-1D20-437C-96AF-D9E024B8F06C}.Debug|Any CPU.ActiveCfg = Debug|Any CPU
		{93DEC8E2-1D20-437C-96AF-D9E024B8F06C}.Debug|Any CPU.Build.0 = Debug|Any CPU
		{93DEC8E2-1D20-437C-96AF-D9E024B8F06C}.Debug|Any CPU.Deploy.0 = Debug|Any CPU
		{93DEC8E2-1D20-437C-96AF-D9E024B8F06C}.Debug|ARM.ActiveCfg = Debug|Any CPU
		{93DEC8E2-1D20-437C-96AF-D9E024B8F06C}.Debug|ARM.Build.0 = Debug|Any CPU
		{93DEC8E2-1D20-437C-96AF-D9E024B8F06C}.Debug|ARM.Deploy.0 = Debug|Any CPU
		{93DEC8E2-1D20-437C-96AF-D9E024B8F06C}.Debug|iPhone.ActiveCfg = Debug|Any CPU
		{93DEC8E2-1D20-437C-96AF-D9E024B8F06C}.Debug|iPhone.Build.0 = Debug|Any CPU
		{93DEC8E2-1D20-437C-96AF-D9E024B8F06C}.Debug|iPhone.Deploy.0 = Debug|Any CPU
		{93DEC8E2-1D20-437C-96AF-D9E024B8F06C}.Debug|iPhoneSimulator.ActiveCfg = Debug|Any CPU
		{93DEC8E2-1D20-437C-96AF-D9E024B8F06C}.Debug|iPhoneSimulator.Build.0 = Debug|Any CPU
		{93DEC8E2-1D20-437C-96AF-D9E024B8F06C}.Debug|iPhoneSimulator.Deploy.0 = Debug|Any CPU
		{93DEC8E2-1D20-437C-96AF-D9E024B8F06C}.Debug|x64.ActiveCfg = Debug|Any CPU
		{93DEC8E2-1D20-437C-96AF-D9E024B8F06C}.Debug|x64.Build.0 = Debug|Any CPU
		{93DEC8E2-1D20-437C-96AF-D9E024B8F06C}.Debug|x64.Deploy.0 = Debug|Any CPU
		{93DEC8E2-1D20-437C-96AF-D9E024B8F06C}.Debug|x86.ActiveCfg = Debug|Any CPU
		{93DEC8E2-1D20-437C-96AF-D9E024B8F06C}.Debug|x86.Build.0 = Debug|Any CPU
		{93DEC8E2-1D20-437C-96AF-D9E024B8F06C}.Debug|x86.Deploy.0 = Debug|Any CPU
		{93DEC8E2-1D20-437C-96AF-D9E024B8F06C}.Release|Any CPU.ActiveCfg = Release|Any CPU
		{93DEC8E2-1D20-437C-96AF-D9E024B8F06C}.Release|Any CPU.Build.0 = Release|Any CPU
		{93DEC8E2-1D20-437C-96AF-D9E024B8F06C}.Release|Any CPU.Deploy.0 = Release|Any CPU
		{93DEC8E2-1D20-437C-96AF-D9E024B8F06C}.Release|ARM.ActiveCfg = Release|Any CPU
		{93DEC8E2-1D20-437C-96AF-D9E024B8F06C}.Release|ARM.Build.0 = Release|Any CPU
		{93DEC8E2-1D20-437C-96AF-D9E024B8F06C}.Release|ARM.Deploy.0 = Release|Any CPU
		{93DEC8E2-1D20-437C-96AF-D9E024B8F06C}.Release|iPhone.ActiveCfg = Release|Any CPU
		{93DEC8E2-1D20-437C-96AF-D9E024B8F06C}.Release|iPhone.Build.0 = Release|Any CPU
		{93DEC8E2-1D20-437C-96AF-D9E024B8F06C}.Release|iPhone.Deploy.0 = Release|Any CPU
		{93DEC8E2-1D20-437C-96AF-D9E024B8F06C}.Release|iPhoneSimulator.ActiveCfg = Release|Any CPU
		{93DEC8E2-1D20-437C-96AF-D9E024B8F06C}.Release|iPhoneSimulator.Build.0 = Release|Any CPU
		{93DEC8E2-1D20-437C-96AF-D9E024B8F06C}.Release|iPhoneSimulator.Deploy.0 = Release|Any CPU
		{93DEC8E2-1D20-437C-96AF-D9E024B8F06C}.Release|x64.ActiveCfg = Release|Any CPU
		{93DEC8E2-1D20-437C-96AF-D9E024B8F06C}.Release|x64.Build.0 = Release|Any CPU
		{93DEC8E2-1D20-437C-96AF-D9E024B8F06C}.Release|x64.Deploy.0 = Release|Any CPU
		{93DEC8E2-1D20-437C-96AF-D9E024B8F06C}.Release|x86.ActiveCfg = Release|Any CPU
		{93DEC8E2-1D20-437C-96AF-D9E024B8F06C}.Release|x86.Build.0 = Release|Any CPU
		{93DEC8E2-1D20-437C-96AF-D9E024B8F06C}.Release|x86.Deploy.0 = Release|Any CPU
		{4817EF16-1DD9-40A5-9629-3C7E9CA34937}.Ad-Hoc|Any CPU.ActiveCfg = Ad-Hoc|iPhone
		{4817EF16-1DD9-40A5-9629-3C7E9CA34937}.Ad-Hoc|Any CPU.Build.0 = Ad-Hoc|iPhone
		{4817EF16-1DD9-40A5-9629-3C7E9CA34937}.Ad-Hoc|Any CPU.Deploy.0 = Ad-Hoc|iPhone
		{4817EF16-1DD9-40A5-9629-3C7E9CA34937}.Ad-Hoc|ARM.ActiveCfg = Ad-Hoc|iPhone
		{4817EF16-1DD9-40A5-9629-3C7E9CA34937}.Ad-Hoc|ARM.Build.0 = Ad-Hoc|iPhone
		{4817EF16-1DD9-40A5-9629-3C7E9CA34937}.Ad-Hoc|ARM.Deploy.0 = Ad-Hoc|iPhone
		{4817EF16-1DD9-40A5-9629-3C7E9CA34937}.Ad-Hoc|iPhone.ActiveCfg = Ad-Hoc|iPhone
		{4817EF16-1DD9-40A5-9629-3C7E9CA34937}.Ad-Hoc|iPhone.Build.0 = Ad-Hoc|iPhone
		{4817EF16-1DD9-40A5-9629-3C7E9CA34937}.Ad-Hoc|iPhone.Deploy.0 = Ad-Hoc|iPhone
		{4817EF16-1DD9-40A5-9629-3C7E9CA34937}.Ad-Hoc|iPhoneSimulator.ActiveCfg = Ad-Hoc|iPhoneSimulator
		{4817EF16-1DD9-40A5-9629-3C7E9CA34937}.Ad-Hoc|iPhoneSimulator.Build.0 = Ad-Hoc|iPhoneSimulator
		{4817EF16-1DD9-40A5-9629-3C7E9CA34937}.Ad-Hoc|iPhoneSimulator.Deploy.0 = Ad-Hoc|iPhoneSimulator
		{4817EF16-1DD9-40A5-9629-3C7E9CA34937}.Ad-Hoc|x64.ActiveCfg = Ad-Hoc|iPhone
		{4817EF16-1DD9-40A5-9629-3C7E9CA34937}.Ad-Hoc|x64.Build.0 = Ad-Hoc|iPhone
		{4817EF16-1DD9-40A5-9629-3C7E9CA34937}.Ad-Hoc|x64.Deploy.0 = Ad-Hoc|iPhone
		{4817EF16-1DD9-40A5-9629-3C7E9CA34937}.Ad-Hoc|x86.ActiveCfg = Ad-Hoc|iPhone
		{4817EF16-1DD9-40A5-9629-3C7E9CA34937}.Ad-Hoc|x86.Build.0 = Ad-Hoc|iPhone
		{4817EF16-1DD9-40A5-9629-3C7E9CA34937}.Ad-Hoc|x86.Deploy.0 = Ad-Hoc|iPhone
		{4817EF16-1DD9-40A5-9629-3C7E9CA34937}.AppStore|Any CPU.ActiveCfg = AppStore|iPhone
		{4817EF16-1DD9-40A5-9629-3C7E9CA34937}.AppStore|Any CPU.Build.0 = AppStore|iPhone
		{4817EF16-1DD9-40A5-9629-3C7E9CA34937}.AppStore|Any CPU.Deploy.0 = AppStore|iPhone
		{4817EF16-1DD9-40A5-9629-3C7E9CA34937}.AppStore|ARM.ActiveCfg = AppStore|iPhone
		{4817EF16-1DD9-40A5-9629-3C7E9CA34937}.AppStore|ARM.Build.0 = AppStore|iPhone
		{4817EF16-1DD9-40A5-9629-3C7E9CA34937}.AppStore|ARM.Deploy.0 = AppStore|iPhone
		{4817EF16-1DD9-40A5-9629-3C7E9CA34937}.AppStore|iPhone.ActiveCfg = AppStore|iPhone
		{4817EF16-1DD9-40A5-9629-3C7E9CA34937}.AppStore|iPhone.Build.0 = AppStore|iPhone
		{4817EF16-1DD9-40A5-9629-3C7E9CA34937}.AppStore|iPhone.Deploy.0 = AppStore|iPhone
		{4817EF16-1DD9-40A5-9629-3C7E9CA34937}.AppStore|iPhoneSimulator.ActiveCfg = AppStore|iPhoneSimulator
		{4817EF16-1DD9-40A5-9629-3C7E9CA34937}.AppStore|iPhoneSimulator.Build.0 = AppStore|iPhoneSimulator
		{4817EF16-1DD9-40A5-9629-3C7E9CA34937}.AppStore|iPhoneSimulator.Deploy.0 = AppStore|iPhoneSimulator
		{4817EF16-1DD9-40A5-9629-3C7E9CA34937}.AppStore|x64.ActiveCfg = AppStore|iPhone
		{4817EF16-1DD9-40A5-9629-3C7E9CA34937}.AppStore|x64.Build.0 = AppStore|iPhone
		{4817EF16-1DD9-40A5-9629-3C7E9CA34937}.AppStore|x64.Deploy.0 = AppStore|iPhone
		{4817EF16-1DD9-40A5-9629-3C7E9CA34937}.AppStore|x86.ActiveCfg = AppStore|iPhone
		{4817EF16-1DD9-40A5-9629-3C7E9CA34937}.AppStore|x86.Build.0 = AppStore|iPhone
		{4817EF16-1DD9-40A5-9629-3C7E9CA34937}.AppStore|x86.Deploy.0 = AppStore|iPhone
		{4817EF16-1DD9-40A5-9629-3C7E9CA34937}.Debug|Any CPU.ActiveCfg = Debug|iPhoneSimulator
		{4817EF16-1DD9-40A5-9629-3C7E9CA34937}.Debug|Any CPU.Build.0 = Debug|iPhoneSimulator
		{4817EF16-1DD9-40A5-9629-3C7E9CA34937}.Debug|Any CPU.Deploy.0 = Debug|iPhoneSimulator
		{4817EF16-1DD9-40A5-9629-3C7E9CA34937}.Debug|ARM.ActiveCfg = Debug|iPhone
		{4817EF16-1DD9-40A5-9629-3C7E9CA34937}.Debug|ARM.Build.0 = Debug|iPhone
		{4817EF16-1DD9-40A5-9629-3C7E9CA34937}.Debug|ARM.Deploy.0 = Debug|iPhone
		{4817EF16-1DD9-40A5-9629-3C7E9CA34937}.Debug|iPhone.ActiveCfg = Debug|iPhone
		{4817EF16-1DD9-40A5-9629-3C7E9CA34937}.Debug|iPhone.Build.0 = Debug|iPhone
		{4817EF16-1DD9-40A5-9629-3C7E9CA34937}.Debug|iPhone.Deploy.0 = Debug|iPhone
		{4817EF16-1DD9-40A5-9629-3C7E9CA34937}.Debug|iPhoneSimulator.ActiveCfg = Debug|iPhoneSimulator
		{4817EF16-1DD9-40A5-9629-3C7E9CA34937}.Debug|iPhoneSimulator.Build.0 = Debug|iPhoneSimulator
		{4817EF16-1DD9-40A5-9629-3C7E9CA34937}.Debug|iPhoneSimulator.Deploy.0 = Debug|iPhoneSimulator
		{4817EF16-1DD9-40A5-9629-3C7E9CA34937}.Debug|x64.ActiveCfg = Debug|iPhone
		{4817EF16-1DD9-40A5-9629-3C7E9CA34937}.Debug|x64.Build.0 = Debug|iPhone
		{4817EF16-1DD9-40A5-9629-3C7E9CA34937}.Debug|x64.Deploy.0 = Debug|iPhone
		{4817EF16-1DD9-40A5-9629-3C7E9CA34937}.Debug|x86.ActiveCfg = Debug|iPhone
		{4817EF16-1DD9-40A5-9629-3C7E9CA34937}.Debug|x86.Build.0 = Debug|iPhone
		{4817EF16-1DD9-40A5-9629-3C7E9CA34937}.Debug|x86.Deploy.0 = Debug|iPhone
		{4817EF16-1DD9-40A5-9629-3C7E9CA34937}.Release|Any CPU.ActiveCfg = Release|iPhone
		{4817EF16-1DD9-40A5-9629-3C7E9CA34937}.Release|Any CPU.Build.0 = Release|iPhone
		{4817EF16-1DD9-40A5-9629-3C7E9CA34937}.Release|Any CPU.Deploy.0 = Release|iPhone
		{4817EF16-1DD9-40A5-9629-3C7E9CA34937}.Release|ARM.ActiveCfg = Release|iPhone
		{4817EF16-1DD9-40A5-9629-3C7E9CA34937}.Release|ARM.Build.0 = Release|iPhone
		{4817EF16-1DD9-40A5-9629-3C7E9CA34937}.Release|ARM.Deploy.0 = Release|iPhone
		{4817EF16-1DD9-40A5-9629-3C7E9CA34937}.Release|iPhone.ActiveCfg = Release|iPhone
		{4817EF16-1DD9-40A5-9629-3C7E9CA34937}.Release|iPhone.Build.0 = Release|iPhone
		{4817EF16-1DD9-40A5-9629-3C7E9CA34937}.Release|iPhone.Deploy.0 = Release|iPhone
		{4817EF16-1DD9-40A5-9629-3C7E9CA34937}.Release|iPhoneSimulator.ActiveCfg = Release|iPhoneSimulator
		{4817EF16-1DD9-40A5-9629-3C7E9CA34937}.Release|iPhoneSimulator.Build.0 = Release|iPhoneSimulator
		{4817EF16-1DD9-40A5-9629-3C7E9CA34937}.Release|iPhoneSimulator.Deploy.0 = Release|iPhoneSimulator
		{4817EF16-1DD9-40A5-9629-3C7E9CA34937}.Release|x64.ActiveCfg = Release|iPhone
		{4817EF16-1DD9-40A5-9629-3C7E9CA34937}.Release|x64.Build.0 = Release|iPhone
		{4817EF16-1DD9-40A5-9629-3C7E9CA34937}.Release|x64.Deploy.0 = Release|iPhone
		{4817EF16-1DD9-40A5-9629-3C7E9CA34937}.Release|x86.ActiveCfg = Release|iPhone
		{4817EF16-1DD9-40A5-9629-3C7E9CA34937}.Release|x86.Build.0 = Release|iPhone
		{4817EF16-1DD9-40A5-9629-3C7E9CA34937}.Release|x86.Deploy.0 = Release|iPhone
		{8F1A17D4-A785-48FE-AE06-8559F9199A4B}.Ad-Hoc|Any CPU.ActiveCfg = Release|x86
		{8F1A17D4-A785-48FE-AE06-8559F9199A4B}.Ad-Hoc|Any CPU.Build.0 = Release|x86
		{8F1A17D4-A785-48FE-AE06-8559F9199A4B}.Ad-Hoc|Any CPU.Deploy.0 = Release|x86
		{8F1A17D4-A785-48FE-AE06-8559F9199A4B}.Ad-Hoc|ARM.ActiveCfg = Release|ARM
		{8F1A17D4-A785-48FE-AE06-8559F9199A4B}.Ad-Hoc|ARM.Build.0 = Release|ARM
		{8F1A17D4-A785-48FE-AE06-8559F9199A4B}.Ad-Hoc|ARM.Deploy.0 = Release|ARM
		{8F1A17D4-A785-48FE-AE06-8559F9199A4B}.Ad-Hoc|iPhone.ActiveCfg = Release|x86
		{8F1A17D4-A785-48FE-AE06-8559F9199A4B}.Ad-Hoc|iPhone.Build.0 = Release|x86
		{8F1A17D4-A785-48FE-AE06-8559F9199A4B}.Ad-Hoc|iPhone.Deploy.0 = Release|x86
		{8F1A17D4-A785-48FE-AE06-8559F9199A4B}.Ad-Hoc|iPhoneSimulator.ActiveCfg = Release|x86
		{8F1A17D4-A785-48FE-AE06-8559F9199A4B}.Ad-Hoc|iPhoneSimulator.Build.0 = Release|x86
		{8F1A17D4-A785-48FE-AE06-8559F9199A4B}.Ad-Hoc|iPhoneSimulator.Deploy.0 = Release|x86
		{8F1A17D4-A785-48FE-AE06-8559F9199A4B}.Ad-Hoc|x64.ActiveCfg = Release|x64
		{8F1A17D4-A785-48FE-AE06-8559F9199A4B}.Ad-Hoc|x64.Build.0 = Release|x64
		{8F1A17D4-A785-48FE-AE06-8559F9199A4B}.Ad-Hoc|x64.Deploy.0 = Release|x64
		{8F1A17D4-A785-48FE-AE06-8559F9199A4B}.Ad-Hoc|x86.ActiveCfg = Release|x86
		{8F1A17D4-A785-48FE-AE06-8559F9199A4B}.Ad-Hoc|x86.Build.0 = Release|x86
		{8F1A17D4-A785-48FE-AE06-8559F9199A4B}.Ad-Hoc|x86.Deploy.0 = Release|x86
		{8F1A17D4-A785-48FE-AE06-8559F9199A4B}.AppStore|Any CPU.ActiveCfg = Release|x86
		{8F1A17D4-A785-48FE-AE06-8559F9199A4B}.AppStore|Any CPU.Build.0 = Release|x86
		{8F1A17D4-A785-48FE-AE06-8559F9199A4B}.AppStore|Any CPU.Deploy.0 = Release|x86
		{8F1A17D4-A785-48FE-AE06-8559F9199A4B}.AppStore|ARM.ActiveCfg = Release|ARM
		{8F1A17D4-A785-48FE-AE06-8559F9199A4B}.AppStore|ARM.Build.0 = Release|ARM
		{8F1A17D4-A785-48FE-AE06-8559F9199A4B}.AppStore|ARM.Deploy.0 = Release|ARM
		{8F1A17D4-A785-48FE-AE06-8559F9199A4B}.AppStore|iPhone.ActiveCfg = Release|x86
		{8F1A17D4-A785-48FE-AE06-8559F9199A4B}.AppStore|iPhone.Build.0 = Release|x86
		{8F1A17D4-A785-48FE-AE06-8559F9199A4B}.AppStore|iPhone.Deploy.0 = Release|x86
		{8F1A17D4-A785-48FE-AE06-8559F9199A4B}.AppStore|iPhoneSimulator.ActiveCfg = Release|x86
		{8F1A17D4-A785-48FE-AE06-8559F9199A4B}.AppStore|iPhoneSimulator.Build.0 = Release|x86
		{8F1A17D4-A785-48FE-AE06-8559F9199A4B}.AppStore|iPhoneSimulator.Deploy.0 = Release|x86
		{8F1A17D4-A785-48FE-AE06-8559F9199A4B}.AppStore|x64.ActiveCfg = Release|x64
		{8F1A17D4-A785-48FE-AE06-8559F9199A4B}.AppStore|x64.Build.0 = Release|x64
		{8F1A17D4-A785-48FE-AE06-8559F9199A4B}.AppStore|x64.Deploy.0 = Release|x64
		{8F1A17D4-A785-48FE-AE06-8559F9199A4B}.AppStore|x86.ActiveCfg = Release|x86
		{8F1A17D4-A785-48FE-AE06-8559F9199A4B}.AppStore|x86.Build.0 = Release|x86
		{8F1A17D4-A785-48FE-AE06-8559F9199A4B}.AppStore|x86.Deploy.0 = Release|x86
		{8F1A17D4-A785-48FE-AE06-8559F9199A4B}.Debug|Any CPU.ActiveCfg = Debug|x86
		{8F1A17D4-A785-48FE-AE06-8559F9199A4B}.Debug|Any CPU.Build.0 = Debug|x86
		{8F1A17D4-A785-48FE-AE06-8559F9199A4B}.Debug|Any CPU.Deploy.0 = Debug|x86
		{8F1A17D4-A785-48FE-AE06-8559F9199A4B}.Debug|ARM.ActiveCfg = Debug|ARM
		{8F1A17D4-A785-48FE-AE06-8559F9199A4B}.Debug|ARM.Build.0 = Debug|ARM
		{8F1A17D4-A785-48FE-AE06-8559F9199A4B}.Debug|ARM.Deploy.0 = Debug|ARM
		{8F1A17D4-A785-48FE-AE06-8559F9199A4B}.Debug|iPhone.ActiveCfg = Debug|x86
		{8F1A17D4-A785-48FE-AE06-8559F9199A4B}.Debug|iPhone.Build.0 = Debug|x86
		{8F1A17D4-A785-48FE-AE06-8559F9199A4B}.Debug|iPhone.Deploy.0 = Debug|x86
		{8F1A17D4-A785-48FE-AE06-8559F9199A4B}.Debug|iPhoneSimulator.ActiveCfg = Debug|x86
		{8F1A17D4-A785-48FE-AE06-8559F9199A4B}.Debug|iPhoneSimulator.Build.0 = Debug|x86
		{8F1A17D4-A785-48FE-AE06-8559F9199A4B}.Debug|iPhoneSimulator.Deploy.0 = Debug|x86
		{8F1A17D4-A785-48FE-AE06-8559F9199A4B}.Debug|x64.ActiveCfg = Debug|x64
		{8F1A17D4-A785-48FE-AE06-8559F9199A4B}.Debug|x64.Build.0 = Debug|x64
		{8F1A17D4-A785-48FE-AE06-8559F9199A4B}.Debug|x64.Deploy.0 = Debug|x64
		{8F1A17D4-A785-48FE-AE06-8559F9199A4B}.Debug|x86.ActiveCfg = Debug|x86
		{8F1A17D4-A785-48FE-AE06-8559F9199A4B}.Debug|x86.Build.0 = Debug|x86
		{8F1A17D4-A785-48FE-AE06-8559F9199A4B}.Debug|x86.Deploy.0 = Debug|x86
		{8F1A17D4-A785-48FE-AE06-8559F9199A4B}.Release|Any CPU.ActiveCfg = Release|x86
		{8F1A17D4-A785-48FE-AE06-8559F9199A4B}.Release|Any CPU.Build.0 = Release|x86
		{8F1A17D4-A785-48FE-AE06-8559F9199A4B}.Release|Any CPU.Deploy.0 = Release|x86
		{8F1A17D4-A785-48FE-AE06-8559F9199A4B}.Release|ARM.ActiveCfg = Release|ARM
		{8F1A17D4-A785-48FE-AE06-8559F9199A4B}.Release|ARM.Build.0 = Release|ARM
		{8F1A17D4-A785-48FE-AE06-8559F9199A4B}.Release|ARM.Deploy.0 = Release|ARM
		{8F1A17D4-A785-48FE-AE06-8559F9199A4B}.Release|iPhone.ActiveCfg = Release|x86
		{8F1A17D4-A785-48FE-AE06-8559F9199A4B}.Release|iPhone.Build.0 = Release|x86
		{8F1A17D4-A785-48FE-AE06-8559F9199A4B}.Release|iPhone.Deploy.0 = Release|x86
		{8F1A17D4-A785-48FE-AE06-8559F9199A4B}.Release|iPhoneSimulator.ActiveCfg = Release|x86
		{8F1A17D4-A785-48FE-AE06-8559F9199A4B}.Release|iPhoneSimulator.Build.0 = Release|x86
		{8F1A17D4-A785-48FE-AE06-8559F9199A4B}.Release|iPhoneSimulator.Deploy.0 = Release|x86
		{8F1A17D4-A785-48FE-AE06-8559F9199A4B}.Release|x64.ActiveCfg = Release|x64
		{8F1A17D4-A785-48FE-AE06-8559F9199A4B}.Release|x64.Build.0 = Release|x64
		{8F1A17D4-A785-48FE-AE06-8559F9199A4B}.Release|x64.Deploy.0 = Release|x64
		{8F1A17D4-A785-48FE-AE06-8559F9199A4B}.Release|x86.ActiveCfg = Release|x86
		{8F1A17D4-A785-48FE-AE06-8559F9199A4B}.Release|x86.Build.0 = Release|x86
		{8F1A17D4-A785-48FE-AE06-8559F9199A4B}.Release|x86.Deploy.0 = Release|x86
		{64CAED62-E31A-400F-8CB2-05A6C9B3EC07}.Ad-Hoc|Any CPU.ActiveCfg = Debug|Any CPU
		{64CAED62-E31A-400F-8CB2-05A6C9B3EC07}.Ad-Hoc|Any CPU.Build.0 = Debug|Any CPU
		{64CAED62-E31A-400F-8CB2-05A6C9B3EC07}.Ad-Hoc|Any CPU.Deploy.0 = Debug|Any CPU
		{64CAED62-E31A-400F-8CB2-05A6C9B3EC07}.Ad-Hoc|ARM.ActiveCfg = Debug|Any CPU
		{64CAED62-E31A-400F-8CB2-05A6C9B3EC07}.Ad-Hoc|ARM.Build.0 = Debug|Any CPU
		{64CAED62-E31A-400F-8CB2-05A6C9B3EC07}.Ad-Hoc|ARM.Deploy.0 = Debug|Any CPU
		{64CAED62-E31A-400F-8CB2-05A6C9B3EC07}.Ad-Hoc|iPhone.ActiveCfg = Debug|Any CPU
		{64CAED62-E31A-400F-8CB2-05A6C9B3EC07}.Ad-Hoc|iPhone.Build.0 = Debug|Any CPU
		{64CAED62-E31A-400F-8CB2-05A6C9B3EC07}.Ad-Hoc|iPhone.Deploy.0 = Debug|Any CPU
		{64CAED62-E31A-400F-8CB2-05A6C9B3EC07}.Ad-Hoc|iPhoneSimulator.ActiveCfg = Debug|Any CPU
		{64CAED62-E31A-400F-8CB2-05A6C9B3EC07}.Ad-Hoc|iPhoneSimulator.Build.0 = Debug|Any CPU
		{64CAED62-E31A-400F-8CB2-05A6C9B3EC07}.Ad-Hoc|iPhoneSimulator.Deploy.0 = Debug|Any CPU
		{64CAED62-E31A-400F-8CB2-05A6C9B3EC07}.Ad-Hoc|x64.ActiveCfg = Debug|Any CPU
		{64CAED62-E31A-400F-8CB2-05A6C9B3EC07}.Ad-Hoc|x64.Build.0 = Debug|Any CPU
		{64CAED62-E31A-400F-8CB2-05A6C9B3EC07}.Ad-Hoc|x64.Deploy.0 = Debug|Any CPU
		{64CAED62-E31A-400F-8CB2-05A6C9B3EC07}.Ad-Hoc|x86.ActiveCfg = Debug|Any CPU
		{64CAED62-E31A-400F-8CB2-05A6C9B3EC07}.Ad-Hoc|x86.Build.0 = Debug|Any CPU
		{64CAED62-E31A-400F-8CB2-05A6C9B3EC07}.Ad-Hoc|x86.Deploy.0 = Debug|Any CPU
		{64CAED62-E31A-400F-8CB2-05A6C9B3EC07}.AppStore|Any CPU.ActiveCfg = Debug|Any CPU
		{64CAED62-E31A-400F-8CB2-05A6C9B3EC07}.AppStore|Any CPU.Build.0 = Debug|Any CPU
		{64CAED62-E31A-400F-8CB2-05A6C9B3EC07}.AppStore|Any CPU.Deploy.0 = Debug|Any CPU
		{64CAED62-E31A-400F-8CB2-05A6C9B3EC07}.AppStore|ARM.ActiveCfg = Debug|Any CPU
		{64CAED62-E31A-400F-8CB2-05A6C9B3EC07}.AppStore|ARM.Build.0 = Debug|Any CPU
		{64CAED62-E31A-400F-8CB2-05A6C9B3EC07}.AppStore|ARM.Deploy.0 = Debug|Any CPU
		{64CAED62-E31A-400F-8CB2-05A6C9B3EC07}.AppStore|iPhone.ActiveCfg = Debug|Any CPU
		{64CAED62-E31A-400F-8CB2-05A6C9B3EC07}.AppStore|iPhone.Build.0 = Debug|Any CPU
		{64CAED62-E31A-400F-8CB2-05A6C9B3EC07}.AppStore|iPhone.Deploy.0 = Debug|Any CPU
		{64CAED62-E31A-400F-8CB2-05A6C9B3EC07}.AppStore|iPhoneSimulator.ActiveCfg = Debug|Any CPU
		{64CAED62-E31A-400F-8CB2-05A6C9B3EC07}.AppStore|iPhoneSimulator.Build.0 = Debug|Any CPU
		{64CAED62-E31A-400F-8CB2-05A6C9B3EC07}.AppStore|iPhoneSimulator.Deploy.0 = Debug|Any CPU
		{64CAED62-E31A-400F-8CB2-05A6C9B3EC07}.AppStore|x64.ActiveCfg = Debug|Any CPU
		{64CAED62-E31A-400F-8CB2-05A6C9B3EC07}.AppStore|x64.Build.0 = Debug|Any CPU
		{64CAED62-E31A-400F-8CB2-05A6C9B3EC07}.AppStore|x64.Deploy.0 = Debug|Any CPU
		{64CAED62-E31A-400F-8CB2-05A6C9B3EC07}.AppStore|x86.ActiveCfg = Debug|Any CPU
		{64CAED62-E31A-400F-8CB2-05A6C9B3EC07}.AppStore|x86.Build.0 = Debug|Any CPU
		{64CAED62-E31A-400F-8CB2-05A6C9B3EC07}.AppStore|x86.Deploy.0 = Debug|Any CPU
		{64CAED62-E31A-400F-8CB2-05A6C9B3EC07}.Debug|Any CPU.ActiveCfg = Debug|Any CPU
		{64CAED62-E31A-400F-8CB2-05A6C9B3EC07}.Debug|Any CPU.Build.0 = Debug|Any CPU
		{64CAED62-E31A-400F-8CB2-05A6C9B3EC07}.Debug|Any CPU.Deploy.0 = Debug|Any CPU
		{64CAED62-E31A-400F-8CB2-05A6C9B3EC07}.Debug|ARM.ActiveCfg = Debug|Any CPU
		{64CAED62-E31A-400F-8CB2-05A6C9B3EC07}.Debug|ARM.Build.0 = Debug|Any CPU
		{64CAED62-E31A-400F-8CB2-05A6C9B3EC07}.Debug|ARM.Deploy.0 = Debug|Any CPU
		{64CAED62-E31A-400F-8CB2-05A6C9B3EC07}.Debug|iPhone.ActiveCfg = Debug|Any CPU
		{64CAED62-E31A-400F-8CB2-05A6C9B3EC07}.Debug|iPhone.Build.0 = Debug|Any CPU
		{64CAED62-E31A-400F-8CB2-05A6C9B3EC07}.Debug|iPhone.Deploy.0 = Debug|Any CPU
		{64CAED62-E31A-400F-8CB2-05A6C9B3EC07}.Debug|iPhoneSimulator.ActiveCfg = Debug|Any CPU
		{64CAED62-E31A-400F-8CB2-05A6C9B3EC07}.Debug|iPhoneSimulator.Build.0 = Debug|Any CPU
		{64CAED62-E31A-400F-8CB2-05A6C9B3EC07}.Debug|iPhoneSimulator.Deploy.0 = Debug|Any CPU
		{64CAED62-E31A-400F-8CB2-05A6C9B3EC07}.Debug|x64.ActiveCfg = Debug|Any CPU
		{64CAED62-E31A-400F-8CB2-05A6C9B3EC07}.Debug|x64.Build.0 = Debug|Any CPU
		{64CAED62-E31A-400F-8CB2-05A6C9B3EC07}.Debug|x64.Deploy.0 = Debug|Any CPU
		{64CAED62-E31A-400F-8CB2-05A6C9B3EC07}.Debug|x86.ActiveCfg = Debug|Any CPU
		{64CAED62-E31A-400F-8CB2-05A6C9B3EC07}.Debug|x86.Build.0 = Debug|Any CPU
		{64CAED62-E31A-400F-8CB2-05A6C9B3EC07}.Debug|x86.Deploy.0 = Debug|Any CPU
		{64CAED62-E31A-400F-8CB2-05A6C9B3EC07}.Release|Any CPU.ActiveCfg = Release|Any CPU
		{64CAED62-E31A-400F-8CB2-05A6C9B3EC07}.Release|Any CPU.Build.0 = Release|Any CPU
		{64CAED62-E31A-400F-8CB2-05A6C9B3EC07}.Release|Any CPU.Deploy.0 = Release|Any CPU
		{64CAED62-E31A-400F-8CB2-05A6C9B3EC07}.Release|ARM.ActiveCfg = Release|Any CPU
		{64CAED62-E31A-400F-8CB2-05A6C9B3EC07}.Release|ARM.Build.0 = Release|Any CPU
		{64CAED62-E31A-400F-8CB2-05A6C9B3EC07}.Release|ARM.Deploy.0 = Release|Any CPU
		{64CAED62-E31A-400F-8CB2-05A6C9B3EC07}.Release|iPhone.ActiveCfg = Release|Any CPU
		{64CAED62-E31A-400F-8CB2-05A6C9B3EC07}.Release|iPhone.Build.0 = Release|Any CPU
		{64CAED62-E31A-400F-8CB2-05A6C9B3EC07}.Release|iPhone.Deploy.0 = Release|Any CPU
		{64CAED62-E31A-400F-8CB2-05A6C9B3EC07}.Release|iPhoneSimulator.ActiveCfg = Release|Any CPU
		{64CAED62-E31A-400F-8CB2-05A6C9B3EC07}.Release|iPhoneSimulator.Build.0 = Release|Any CPU
		{64CAED62-E31A-400F-8CB2-05A6C9B3EC07}.Release|iPhoneSimulator.Deploy.0 = Release|Any CPU
		{64CAED62-E31A-400F-8CB2-05A6C9B3EC07}.Release|x64.ActiveCfg = Release|Any CPU
		{64CAED62-E31A-400F-8CB2-05A6C9B3EC07}.Release|x64.Build.0 = Release|Any CPU
		{64CAED62-E31A-400F-8CB2-05A6C9B3EC07}.Release|x64.Deploy.0 = Release|Any CPU
		{64CAED62-E31A-400F-8CB2-05A6C9B3EC07}.Release|x86.ActiveCfg = Release|Any CPU
		{64CAED62-E31A-400F-8CB2-05A6C9B3EC07}.Release|x86.Build.0 = Release|Any CPU
		{64CAED62-E31A-400F-8CB2-05A6C9B3EC07}.Release|x86.Deploy.0 = Release|Any CPU
		{DE03456F-5573-48D3-8F82-B6DFA233A7DA}.Ad-Hoc|Any CPU.ActiveCfg = Release|Any CPU
		{DE03456F-5573-48D3-8F82-B6DFA233A7DA}.Ad-Hoc|Any CPU.Build.0 = Release|Any CPU
		{DE03456F-5573-48D3-8F82-B6DFA233A7DA}.Ad-Hoc|ARM.ActiveCfg = Release|Any CPU
		{DE03456F-5573-48D3-8F82-B6DFA233A7DA}.Ad-Hoc|ARM.Build.0 = Release|Any CPU
		{DE03456F-5573-48D3-8F82-B6DFA233A7DA}.Ad-Hoc|iPhone.ActiveCfg = Release|Any CPU
		{DE03456F-5573-48D3-8F82-B6DFA233A7DA}.Ad-Hoc|iPhone.Build.0 = Release|Any CPU
		{DE03456F-5573-48D3-8F82-B6DFA233A7DA}.Ad-Hoc|iPhoneSimulator.ActiveCfg = Release|Any CPU
		{DE03456F-5573-48D3-8F82-B6DFA233A7DA}.Ad-Hoc|iPhoneSimulator.Build.0 = Release|Any CPU
		{DE03456F-5573-48D3-8F82-B6DFA233A7DA}.Ad-Hoc|x64.ActiveCfg = Release|Any CPU
		{DE03456F-5573-48D3-8F82-B6DFA233A7DA}.Ad-Hoc|x64.Build.0 = Release|Any CPU
		{DE03456F-5573-48D3-8F82-B6DFA233A7DA}.Ad-Hoc|x86.ActiveCfg = Release|Any CPU
		{DE03456F-5573-48D3-8F82-B6DFA233A7DA}.Ad-Hoc|x86.Build.0 = Release|Any CPU
		{DE03456F-5573-48D3-8F82-B6DFA233A7DA}.AppStore|Any CPU.ActiveCfg = Release|Any CPU
		{DE03456F-5573-48D3-8F82-B6DFA233A7DA}.AppStore|Any CPU.Build.0 = Release|Any CPU
		{DE03456F-5573-48D3-8F82-B6DFA233A7DA}.AppStore|ARM.ActiveCfg = Release|Any CPU
		{DE03456F-5573-48D3-8F82-B6DFA233A7DA}.AppStore|ARM.Build.0 = Release|Any CPU
		{DE03456F-5573-48D3-8F82-B6DFA233A7DA}.AppStore|iPhone.ActiveCfg = Release|Any CPU
		{DE03456F-5573-48D3-8F82-B6DFA233A7DA}.AppStore|iPhone.Build.0 = Release|Any CPU
		{DE03456F-5573-48D3-8F82-B6DFA233A7DA}.AppStore|iPhoneSimulator.ActiveCfg = Release|Any CPU
		{DE03456F-5573-48D3-8F82-B6DFA233A7DA}.AppStore|iPhoneSimulator.Build.0 = Release|Any CPU
		{DE03456F-5573-48D3-8F82-B6DFA233A7DA}.AppStore|x64.ActiveCfg = Release|Any CPU
		{DE03456F-5573-48D3-8F82-B6DFA233A7DA}.AppStore|x64.Build.0 = Release|Any CPU
		{DE03456F-5573-48D3-8F82-B6DFA233A7DA}.AppStore|x86.ActiveCfg = Release|Any CPU
		{DE03456F-5573-48D3-8F82-B6DFA233A7DA}.AppStore|x86.Build.0 = Release|Any CPU
		{DE03456F-5573-48D3-8F82-B6DFA233A7DA}.Debug|Any CPU.ActiveCfg = Debug|Any CPU
		{DE03456F-5573-48D3-8F82-B6DFA233A7DA}.Debug|Any CPU.Build.0 = Debug|Any CPU
		{DE03456F-5573-48D3-8F82-B6DFA233A7DA}.Debug|ARM.ActiveCfg = Debug|Any CPU
		{DE03456F-5573-48D3-8F82-B6DFA233A7DA}.Debug|ARM.Build.0 = Debug|Any CPU
		{DE03456F-5573-48D3-8F82-B6DFA233A7DA}.Debug|iPhone.ActiveCfg = Debug|Any CPU
		{DE03456F-5573-48D3-8F82-B6DFA233A7DA}.Debug|iPhone.Build.0 = Debug|Any CPU
		{DE03456F-5573-48D3-8F82-B6DFA233A7DA}.Debug|iPhoneSimulator.ActiveCfg = Debug|Any CPU
		{DE03456F-5573-48D3-8F82-B6DFA233A7DA}.Debug|iPhoneSimulator.Build.0 = Debug|Any CPU
		{DE03456F-5573-48D3-8F82-B6DFA233A7DA}.Debug|x64.ActiveCfg = Debug|Any CPU
		{DE03456F-5573-48D3-8F82-B6DFA233A7DA}.Debug|x64.Build.0 = Debug|Any CPU
		{DE03456F-5573-48D3-8F82-B6DFA233A7DA}.Debug|x86.ActiveCfg = Debug|Any CPU
		{DE03456F-5573-48D3-8F82-B6DFA233A7DA}.Debug|x86.Build.0 = Debug|Any CPU
		{DE03456F-5573-48D3-8F82-B6DFA233A7DA}.Release|Any CPU.ActiveCfg = Release|Any CPU
		{DE03456F-5573-48D3-8F82-B6DFA233A7DA}.Release|Any CPU.Build.0 = Release|Any CPU
		{DE03456F-5573-48D3-8F82-B6DFA233A7DA}.Release|ARM.ActiveCfg = Release|Any CPU
		{DE03456F-5573-48D3-8F82-B6DFA233A7DA}.Release|ARM.Build.0 = Release|Any CPU
		{DE03456F-5573-48D3-8F82-B6DFA233A7DA}.Release|iPhone.ActiveCfg = Release|Any CPU
		{DE03456F-5573-48D3-8F82-B6DFA233A7DA}.Release|iPhone.Build.0 = Release|Any CPU
		{DE03456F-5573-48D3-8F82-B6DFA233A7DA}.Release|iPhoneSimulator.ActiveCfg = Release|Any CPU
		{DE03456F-5573-48D3-8F82-B6DFA233A7DA}.Release|iPhoneSimulator.Build.0 = Release|Any CPU
		{DE03456F-5573-48D3-8F82-B6DFA233A7DA}.Release|x64.ActiveCfg = Release|Any CPU
		{DE03456F-5573-48D3-8F82-B6DFA233A7DA}.Release|x64.Build.0 = Release|Any CPU
		{DE03456F-5573-48D3-8F82-B6DFA233A7DA}.Release|x86.ActiveCfg = Release|Any CPU
		{DE03456F-5573-48D3-8F82-B6DFA233A7DA}.Release|x86.Build.0 = Release|Any CPU
		{408A263A-1B28-4BDC-8CDA-F8C18058ECEC}.Ad-Hoc|Any CPU.ActiveCfg = Release|Any CPU
		{408A263A-1B28-4BDC-8CDA-F8C18058ECEC}.Ad-Hoc|Any CPU.Build.0 = Release|Any CPU
		{408A263A-1B28-4BDC-8CDA-F8C18058ECEC}.Ad-Hoc|ARM.ActiveCfg = Release|Any CPU
		{408A263A-1B28-4BDC-8CDA-F8C18058ECEC}.Ad-Hoc|ARM.Build.0 = Release|Any CPU
		{408A263A-1B28-4BDC-8CDA-F8C18058ECEC}.Ad-Hoc|iPhone.ActiveCfg = Release|Any CPU
		{408A263A-1B28-4BDC-8CDA-F8C18058ECEC}.Ad-Hoc|iPhone.Build.0 = Release|Any CPU
		{408A263A-1B28-4BDC-8CDA-F8C18058ECEC}.Ad-Hoc|iPhoneSimulator.ActiveCfg = Release|Any CPU
		{408A263A-1B28-4BDC-8CDA-F8C18058ECEC}.Ad-Hoc|iPhoneSimulator.Build.0 = Release|Any CPU
		{408A263A-1B28-4BDC-8CDA-F8C18058ECEC}.Ad-Hoc|x64.ActiveCfg = Release|Any CPU
		{408A263A-1B28-4BDC-8CDA-F8C18058ECEC}.Ad-Hoc|x64.Build.0 = Release|Any CPU
		{408A263A-1B28-4BDC-8CDA-F8C18058ECEC}.Ad-Hoc|x86.ActiveCfg = Release|Any CPU
		{408A263A-1B28-4BDC-8CDA-F8C18058ECEC}.Ad-Hoc|x86.Build.0 = Release|Any CPU
		{408A263A-1B28-4BDC-8CDA-F8C18058ECEC}.AppStore|Any CPU.ActiveCfg = Release|Any CPU
		{408A263A-1B28-4BDC-8CDA-F8C18058ECEC}.AppStore|Any CPU.Build.0 = Release|Any CPU
		{408A263A-1B28-4BDC-8CDA-F8C18058ECEC}.AppStore|ARM.ActiveCfg = Release|Any CPU
		{408A263A-1B28-4BDC-8CDA-F8C18058ECEC}.AppStore|ARM.Build.0 = Release|Any CPU
		{408A263A-1B28-4BDC-8CDA-F8C18058ECEC}.AppStore|iPhone.ActiveCfg = Release|Any CPU
		{408A263A-1B28-4BDC-8CDA-F8C18058ECEC}.AppStore|iPhone.Build.0 = Release|Any CPU
		{408A263A-1B28-4BDC-8CDA-F8C18058ECEC}.AppStore|iPhoneSimulator.ActiveCfg = Release|Any CPU
		{408A263A-1B28-4BDC-8CDA-F8C18058ECEC}.AppStore|iPhoneSimulator.Build.0 = Release|Any CPU
		{408A263A-1B28-4BDC-8CDA-F8C18058ECEC}.AppStore|x64.ActiveCfg = Release|Any CPU
		{408A263A-1B28-4BDC-8CDA-F8C18058ECEC}.AppStore|x64.Build.0 = Release|Any CPU
		{408A263A-1B28-4BDC-8CDA-F8C18058ECEC}.AppStore|x86.ActiveCfg = Release|Any CPU
		{408A263A-1B28-4BDC-8CDA-F8C18058ECEC}.AppStore|x86.Build.0 = Release|Any CPU
		{408A263A-1B28-4BDC-8CDA-F8C18058ECEC}.Debug|Any CPU.ActiveCfg = Debug|Any CPU
		{408A263A-1B28-4BDC-8CDA-F8C18058ECEC}.Debug|Any CPU.Build.0 = Debug|Any CPU
		{408A263A-1B28-4BDC-8CDA-F8C18058ECEC}.Debug|ARM.ActiveCfg = Debug|Any CPU
		{408A263A-1B28-4BDC-8CDA-F8C18058ECEC}.Debug|ARM.Build.0 = Debug|Any CPU
		{408A263A-1B28-4BDC-8CDA-F8C18058ECEC}.Debug|iPhone.ActiveCfg = Debug|Any CPU
		{408A263A-1B28-4BDC-8CDA-F8C18058ECEC}.Debug|iPhone.Build.0 = Debug|Any CPU
		{408A263A-1B28-4BDC-8CDA-F8C18058ECEC}.Debug|iPhoneSimulator.ActiveCfg = Debug|Any CPU
		{408A263A-1B28-4BDC-8CDA-F8C18058ECEC}.Debug|iPhoneSimulator.Build.0 = Debug|Any CPU
		{408A263A-1B28-4BDC-8CDA-F8C18058ECEC}.Debug|x64.ActiveCfg = Debug|Any CPU
		{408A263A-1B28-4BDC-8CDA-F8C18058ECEC}.Debug|x64.Build.0 = Debug|Any CPU
		{408A263A-1B28-4BDC-8CDA-F8C18058ECEC}.Debug|x86.ActiveCfg = Debug|Any CPU
		{408A263A-1B28-4BDC-8CDA-F8C18058ECEC}.Debug|x86.Build.0 = Debug|Any CPU
		{408A263A-1B28-4BDC-8CDA-F8C18058ECEC}.Release|Any CPU.ActiveCfg = Release|Any CPU
		{408A263A-1B28-4BDC-8CDA-F8C18058ECEC}.Release|Any CPU.Build.0 = Release|Any CPU
		{408A263A-1B28-4BDC-8CDA-F8C18058ECEC}.Release|ARM.ActiveCfg = Release|Any CPU
		{408A263A-1B28-4BDC-8CDA-F8C18058ECEC}.Release|ARM.Build.0 = Release|Any CPU
		{408A263A-1B28-4BDC-8CDA-F8C18058ECEC}.Release|iPhone.ActiveCfg = Release|Any CPU
		{408A263A-1B28-4BDC-8CDA-F8C18058ECEC}.Release|iPhone.Build.0 = Release|Any CPU
		{408A263A-1B28-4BDC-8CDA-F8C18058ECEC}.Release|iPhoneSimulator.ActiveCfg = Release|Any CPU
		{408A263A-1B28-4BDC-8CDA-F8C18058ECEC}.Release|iPhoneSimulator.Build.0 = Release|Any CPU
		{408A263A-1B28-4BDC-8CDA-F8C18058ECEC}.Release|x64.ActiveCfg = Release|Any CPU
		{408A263A-1B28-4BDC-8CDA-F8C18058ECEC}.Release|x64.Build.0 = Release|Any CPU
		{408A263A-1B28-4BDC-8CDA-F8C18058ECEC}.Release|x86.ActiveCfg = Release|Any CPU
		{408A263A-1B28-4BDC-8CDA-F8C18058ECEC}.Release|x86.Build.0 = Release|Any CPU
		{098E9681-560A-4939-BBD5-C4EFF1F87C82}.Ad-Hoc|Any CPU.ActiveCfg = Release|Any CPU
		{098E9681-560A-4939-BBD5-C4EFF1F87C82}.Ad-Hoc|Any CPU.Build.0 = Release|Any CPU
		{098E9681-560A-4939-BBD5-C4EFF1F87C82}.Ad-Hoc|ARM.ActiveCfg = Release|Any CPU
		{098E9681-560A-4939-BBD5-C4EFF1F87C82}.Ad-Hoc|ARM.Build.0 = Release|Any CPU
		{098E9681-560A-4939-BBD5-C4EFF1F87C82}.Ad-Hoc|iPhone.ActiveCfg = Release|Any CPU
		{098E9681-560A-4939-BBD5-C4EFF1F87C82}.Ad-Hoc|iPhone.Build.0 = Release|Any CPU
		{098E9681-560A-4939-BBD5-C4EFF1F87C82}.Ad-Hoc|iPhoneSimulator.ActiveCfg = Release|Any CPU
		{098E9681-560A-4939-BBD5-C4EFF1F87C82}.Ad-Hoc|iPhoneSimulator.Build.0 = Release|Any CPU
		{098E9681-560A-4939-BBD5-C4EFF1F87C82}.Ad-Hoc|x64.ActiveCfg = Release|Any CPU
		{098E9681-560A-4939-BBD5-C4EFF1F87C82}.Ad-Hoc|x64.Build.0 = Release|Any CPU
		{098E9681-560A-4939-BBD5-C4EFF1F87C82}.Ad-Hoc|x86.ActiveCfg = Release|Any CPU
		{098E9681-560A-4939-BBD5-C4EFF1F87C82}.Ad-Hoc|x86.Build.0 = Release|Any CPU
		{098E9681-560A-4939-BBD5-C4EFF1F87C82}.AppStore|Any CPU.ActiveCfg = Release|Any CPU
		{098E9681-560A-4939-BBD5-C4EFF1F87C82}.AppStore|Any CPU.Build.0 = Release|Any CPU
		{098E9681-560A-4939-BBD5-C4EFF1F87C82}.AppStore|ARM.ActiveCfg = Release|Any CPU
		{098E9681-560A-4939-BBD5-C4EFF1F87C82}.AppStore|ARM.Build.0 = Release|Any CPU
		{098E9681-560A-4939-BBD5-C4EFF1F87C82}.AppStore|iPhone.ActiveCfg = Release|Any CPU
		{098E9681-560A-4939-BBD5-C4EFF1F87C82}.AppStore|iPhone.Build.0 = Release|Any CPU
		{098E9681-560A-4939-BBD5-C4EFF1F87C82}.AppStore|iPhoneSimulator.ActiveCfg = Release|Any CPU
		{098E9681-560A-4939-BBD5-C4EFF1F87C82}.AppStore|iPhoneSimulator.Build.0 = Release|Any CPU
		{098E9681-560A-4939-BBD5-C4EFF1F87C82}.AppStore|x64.ActiveCfg = Release|Any CPU
		{098E9681-560A-4939-BBD5-C4EFF1F87C82}.AppStore|x64.Build.0 = Release|Any CPU
		{098E9681-560A-4939-BBD5-C4EFF1F87C82}.AppStore|x86.ActiveCfg = Release|Any CPU
		{098E9681-560A-4939-BBD5-C4EFF1F87C82}.AppStore|x86.Build.0 = Release|Any CPU
		{098E9681-560A-4939-BBD5-C4EFF1F87C82}.Debug|Any CPU.ActiveCfg = Debug|Any CPU
		{098E9681-560A-4939-BBD5-C4EFF1F87C82}.Debug|Any CPU.Build.0 = Debug|Any CPU
		{098E9681-560A-4939-BBD5-C4EFF1F87C82}.Debug|ARM.ActiveCfg = Debug|Any CPU
		{098E9681-560A-4939-BBD5-C4EFF1F87C82}.Debug|ARM.Build.0 = Debug|Any CPU
		{098E9681-560A-4939-BBD5-C4EFF1F87C82}.Debug|iPhone.ActiveCfg = Debug|Any CPU
		{098E9681-560A-4939-BBD5-C4EFF1F87C82}.Debug|iPhone.Build.0 = Debug|Any CPU
		{098E9681-560A-4939-BBD5-C4EFF1F87C82}.Debug|iPhoneSimulator.ActiveCfg = Debug|Any CPU
		{098E9681-560A-4939-BBD5-C4EFF1F87C82}.Debug|iPhoneSimulator.Build.0 = Debug|Any CPU
		{098E9681-560A-4939-BBD5-C4EFF1F87C82}.Debug|x64.ActiveCfg = Debug|Any CPU
		{098E9681-560A-4939-BBD5-C4EFF1F87C82}.Debug|x64.Build.0 = Debug|Any CPU
		{098E9681-560A-4939-BBD5-C4EFF1F87C82}.Debug|x86.ActiveCfg = Debug|Any CPU
		{098E9681-560A-4939-BBD5-C4EFF1F87C82}.Debug|x86.Build.0 = Debug|Any CPU
		{098E9681-560A-4939-BBD5-C4EFF1F87C82}.Release|Any CPU.ActiveCfg = Release|Any CPU
		{098E9681-560A-4939-BBD5-C4EFF1F87C82}.Release|Any CPU.Build.0 = Release|Any CPU
		{098E9681-560A-4939-BBD5-C4EFF1F87C82}.Release|ARM.ActiveCfg = Release|Any CPU
		{098E9681-560A-4939-BBD5-C4EFF1F87C82}.Release|ARM.Build.0 = Release|Any CPU
		{098E9681-560A-4939-BBD5-C4EFF1F87C82}.Release|iPhone.ActiveCfg = Release|Any CPU
		{098E9681-560A-4939-BBD5-C4EFF1F87C82}.Release|iPhone.Build.0 = Release|Any CPU
		{098E9681-560A-4939-BBD5-C4EFF1F87C82}.Release|iPhoneSimulator.ActiveCfg = Release|Any CPU
		{098E9681-560A-4939-BBD5-C4EFF1F87C82}.Release|iPhoneSimulator.Build.0 = Release|Any CPU
		{098E9681-560A-4939-BBD5-C4EFF1F87C82}.Release|x64.ActiveCfg = Release|Any CPU
		{098E9681-560A-4939-BBD5-C4EFF1F87C82}.Release|x64.Build.0 = Release|Any CPU
		{098E9681-560A-4939-BBD5-C4EFF1F87C82}.Release|x86.ActiveCfg = Release|Any CPU
		{098E9681-560A-4939-BBD5-C4EFF1F87C82}.Release|x86.Build.0 = Release|Any CPU
		{35AE03F0-2440-4508-BBA8-F2FD7A838C8E}.Ad-Hoc|Any CPU.ActiveCfg = Release|Any CPU
		{35AE03F0-2440-4508-BBA8-F2FD7A838C8E}.Ad-Hoc|Any CPU.Build.0 = Release|Any CPU
		{35AE03F0-2440-4508-BBA8-F2FD7A838C8E}.Ad-Hoc|ARM.ActiveCfg = Release|Any CPU
		{35AE03F0-2440-4508-BBA8-F2FD7A838C8E}.Ad-Hoc|ARM.Build.0 = Release|Any CPU
		{35AE03F0-2440-4508-BBA8-F2FD7A838C8E}.Ad-Hoc|iPhone.ActiveCfg = Release|Any CPU
		{35AE03F0-2440-4508-BBA8-F2FD7A838C8E}.Ad-Hoc|iPhone.Build.0 = Release|Any CPU
		{35AE03F0-2440-4508-BBA8-F2FD7A838C8E}.Ad-Hoc|iPhoneSimulator.ActiveCfg = Release|Any CPU
		{35AE03F0-2440-4508-BBA8-F2FD7A838C8E}.Ad-Hoc|iPhoneSimulator.Build.0 = Release|Any CPU
		{35AE03F0-2440-4508-BBA8-F2FD7A838C8E}.Ad-Hoc|x64.ActiveCfg = Release|Any CPU
		{35AE03F0-2440-4508-BBA8-F2FD7A838C8E}.Ad-Hoc|x64.Build.0 = Release|Any CPU
		{35AE03F0-2440-4508-BBA8-F2FD7A838C8E}.Ad-Hoc|x86.ActiveCfg = Release|Any CPU
		{35AE03F0-2440-4508-BBA8-F2FD7A838C8E}.Ad-Hoc|x86.Build.0 = Release|Any CPU
		{35AE03F0-2440-4508-BBA8-F2FD7A838C8E}.AppStore|Any CPU.ActiveCfg = Release|Any CPU
		{35AE03F0-2440-4508-BBA8-F2FD7A838C8E}.AppStore|Any CPU.Build.0 = Release|Any CPU
		{35AE03F0-2440-4508-BBA8-F2FD7A838C8E}.AppStore|ARM.ActiveCfg = Release|Any CPU
		{35AE03F0-2440-4508-BBA8-F2FD7A838C8E}.AppStore|ARM.Build.0 = Release|Any CPU
		{35AE03F0-2440-4508-BBA8-F2FD7A838C8E}.AppStore|iPhone.ActiveCfg = Release|Any CPU
		{35AE03F0-2440-4508-BBA8-F2FD7A838C8E}.AppStore|iPhone.Build.0 = Release|Any CPU
		{35AE03F0-2440-4508-BBA8-F2FD7A838C8E}.AppStore|iPhoneSimulator.ActiveCfg = Release|Any CPU
		{35AE03F0-2440-4508-BBA8-F2FD7A838C8E}.AppStore|iPhoneSimulator.Build.0 = Release|Any CPU
		{35AE03F0-2440-4508-BBA8-F2FD7A838C8E}.AppStore|x64.ActiveCfg = Release|Any CPU
		{35AE03F0-2440-4508-BBA8-F2FD7A838C8E}.AppStore|x64.Build.0 = Release|Any CPU
		{35AE03F0-2440-4508-BBA8-F2FD7A838C8E}.AppStore|x86.ActiveCfg = Release|Any CPU
		{35AE03F0-2440-4508-BBA8-F2FD7A838C8E}.AppStore|x86.Build.0 = Release|Any CPU
		{35AE03F0-2440-4508-BBA8-F2FD7A838C8E}.Debug|Any CPU.ActiveCfg = Debug|Any CPU
		{35AE03F0-2440-4508-BBA8-F2FD7A838C8E}.Debug|Any CPU.Build.0 = Debug|Any CPU
		{35AE03F0-2440-4508-BBA8-F2FD7A838C8E}.Debug|ARM.ActiveCfg = Debug|Any CPU
		{35AE03F0-2440-4508-BBA8-F2FD7A838C8E}.Debug|ARM.Build.0 = Debug|Any CPU
		{35AE03F0-2440-4508-BBA8-F2FD7A838C8E}.Debug|iPhone.ActiveCfg = Debug|Any CPU
		{35AE03F0-2440-4508-BBA8-F2FD7A838C8E}.Debug|iPhone.Build.0 = Debug|Any CPU
		{35AE03F0-2440-4508-BBA8-F2FD7A838C8E}.Debug|iPhoneSimulator.ActiveCfg = Debug|Any CPU
		{35AE03F0-2440-4508-BBA8-F2FD7A838C8E}.Debug|iPhoneSimulator.Build.0 = Debug|Any CPU
		{35AE03F0-2440-4508-BBA8-F2FD7A838C8E}.Debug|x64.ActiveCfg = Debug|Any CPU
		{35AE03F0-2440-4508-BBA8-F2FD7A838C8E}.Debug|x64.Build.0 = Debug|Any CPU
		{35AE03F0-2440-4508-BBA8-F2FD7A838C8E}.Debug|x86.ActiveCfg = Debug|Any CPU
		{35AE03F0-2440-4508-BBA8-F2FD7A838C8E}.Debug|x86.Build.0 = Debug|Any CPU
		{35AE03F0-2440-4508-BBA8-F2FD7A838C8E}.Release|Any CPU.ActiveCfg = Release|Any CPU
		{35AE03F0-2440-4508-BBA8-F2FD7A838C8E}.Release|Any CPU.Build.0 = Release|Any CPU
		{35AE03F0-2440-4508-BBA8-F2FD7A838C8E}.Release|ARM.ActiveCfg = Release|Any CPU
		{35AE03F0-2440-4508-BBA8-F2FD7A838C8E}.Release|ARM.Build.0 = Release|Any CPU
		{35AE03F0-2440-4508-BBA8-F2FD7A838C8E}.Release|iPhone.ActiveCfg = Release|Any CPU
		{35AE03F0-2440-4508-BBA8-F2FD7A838C8E}.Release|iPhone.Build.0 = Release|Any CPU
		{35AE03F0-2440-4508-BBA8-F2FD7A838C8E}.Release|iPhoneSimulator.ActiveCfg = Release|Any CPU
		{35AE03F0-2440-4508-BBA8-F2FD7A838C8E}.Release|iPhoneSimulator.Build.0 = Release|Any CPU
		{35AE03F0-2440-4508-BBA8-F2FD7A838C8E}.Release|x64.ActiveCfg = Release|Any CPU
		{35AE03F0-2440-4508-BBA8-F2FD7A838C8E}.Release|x64.Build.0 = Release|Any CPU
		{35AE03F0-2440-4508-BBA8-F2FD7A838C8E}.Release|x86.ActiveCfg = Release|Any CPU
		{35AE03F0-2440-4508-BBA8-F2FD7A838C8E}.Release|x86.Build.0 = Release|Any CPU
	EndGlobalSection
	GlobalSection(SolutionProperties) = preSolution
		HideSolutionNode = FALSE
	EndGlobalSection
	GlobalSection(ExtensibilityGlobals) = postSolution
		SolutionGuid = {3E6C82E6-29E1-4FC0-8B3D-9C7F67EA68C3}
	EndGlobalSection
EndGlobal
